$schema: https://azuremlschemas.azureedge.net/latest/commandJob.schema.json
type: command
display_name: capture-mlops-v3-unified-33-lock
experiment_name: mlops-v3-platform-qualification
description: Capture exact pip and conda package identities from the Azure ML environment used by release diagnostics.
code: ../..
command: >-
  python scripts/capture_azure_environment_lock.py
  --environment mlops-v3-unified:33
  --output-dir ${{outputs.lock}}
outputs:
  lock:
    type: uri_folder
    path: azureml://datastores/mlops_blob/paths/qualification/environment-locks/mlops-v3-unified-33-20260902/
    mode: upload
environment: azureml:mlops-v3-unified:33
compute: azureml:mlopsv2computecluster
limits:
  timeout: 900
tags:
  evidence_scope: environment-qualification
  environment_name: mlops-v3-unified
  environment_version: "33"
  source_base_sha: 85e56378ed1f946d1308b5e7239a0ded7c43e2c5
  prerequisite_smoke_job: pending
